
Microsoft Visual Studio Solution File, Format Version 12.00
# Visual Studio Version 16
VisualStudioVersion = 16.0.29926.136
MinimumVisualStudioVersion = 10.0.40219.1
Project("{FAE04EC0-301F-11D3-BF4B-00C04F79EFBC}") = "Student.Api", "Student.Api\Student.Api.csproj", "{B1DD2677-7BB7-420A-86DE-9299160DC9CA}"
EndProject
Global
	GlobalSection(SolutionConfigurationPlatforms) = preSolution
		Debug|Any CPU = Debug|Any CPU
		Release|Any CPU = Release|Any CPU
	EndGlobalSection
	GlobalSection(ProjectConfigurationPlatforms) = postSolution
		{B1DD2677-7BB7-420A-86DE-9299160DC9CA}.Debug|Any CPU.ActiveCfg = Debug|Any CPU
		{B1DD2677-7BB7-420A-86DE-9299160DC9CA}.Debug|Any CPU.Build.0 = Debug|Any CPU
		{B1DD2677-7BB7-420A-86DE-9299160DC9CA}.Release|Any CPU.ActiveCfg = Release|Any CPU
		{B1DD2677-7BB7-420A-86DE-9299160DC9CA}.Release|Any CPU.Build.0 = Release|Any CPU
	EndGlobalSection
	GlobalSection(SolutionProperties) = preSolution
		HideSolutionNode = FALSE
	EndGlobalSection
	GlobalSection(ExtensibilityGlobals) = postSolution
		SolutionGuid = {2DC5451A-4B69-46CB-8DD5-9CEA85D2D5B6}
	EndGlobalSection
EndGlobal
